
Microsoft Visual Studio Solution File, Format Version 12.00
# Visual Studio Version 17
VisualStudioVersion = 17.8.34525.116
MinimumVisualStudioVersion = 10.0.40219.1
Project("{FAE04EC0-301F-11D3-BF4B-00C04F79EFBC}") = "Enma Injector", "Enma Injector.csproj", "{985EAC3B-CD91-430F-A3D5-B481BBFEFCFE}"
EndProject
Project("{FAE04EC0-301F-11D3-BF4B-00C04F79EFBC}") = "Zazel Updater", "..\Zazel Updater\Zazel Updater.csproj", "{6A46C9DC-202A-4FE3-A624-F801B6BE68F3}"
EndProject
Global
	GlobalSection(SolutionConfigurationPlatforms) = preSolution
		Debug|Any CPU = Debug|Any CPU
		Release|Any CPU = Release|Any CPU
	EndGlobalSection
	GlobalSection(ProjectConfigurationPlatforms) = postSolution
		{985EAC3B-CD91-430F-A3D5-B481BBFEFCFE}.Debug|Any CPU.ActiveCfg = Debug|Any CPU
		{985EAC3B-CD91-430F-A3D5-B481BBFEFCFE}.Debug|Any CPU.Build.0 = Debug|Any CPU
		{985EAC3B-CD91-430F-A3D5-B481BBFEFCFE}.Release|Any CPU.ActiveCfg = Release|Any CPU
		{985EAC3B-CD91-430F-A3D5-B481BBFEFCFE}.Release|Any CPU.Build.0 = Release|Any CPU
		{6A46C9DC-202A-4FE3-A624-F801B6BE68F3}.Debug|Any CPU.ActiveCfg = Debug|Any CPU
		{6A46C9DC-202A-4FE3-A624-F801B6BE68F3}.Debug|Any CPU.Build.0 = Debug|Any CPU
		{6A46C9DC-202A-4FE3-A624-F801B6BE68F3}.Release|Any CPU.ActiveCfg = Release|Any CPU
		{6A46C9DC-202A-4FE3-A624-F801B6BE68F3}.Release|Any CPU.Build.0 = Release|Any CPU
	EndGlobalSection
	GlobalSection(SolutionProperties) = preSolution
		HideSolutionNode = FALSE
	EndGlobalSection
	GlobalSection(ExtensibilityGlobals) = postSolution
		SolutionGuid = {B6905F4A-A9AB-44E8-B057-4E1056219CD2}
	EndGlobalSection
EndGlobal
